{
  "name": "LondonSite",
  "lockfileVersion": 2,
  "requires": true,
  "packages": {
    "": {
      "dependencies": {
        "observe": "^1.4.1"
      }
    },
    "node_modules/observe": {
      "version": "1.4.1",
      "resolved": "https://registry.npmjs.org/observe/-/observe-1.4.1.tgz",
      "integrity": "sha1-mDm5xQdvWlHntkYZfUdwrSBm5v4=",
      "dependencies": {
        "proto": "*"
      }
    },
    "node_modules/proto": {
      "version": "1.0.19",
      "resolved": "https://registry.npmjs.org/proto/-/proto-1.0.19.tgz",
      "integrity": "sha1-TbolCzQ5iuJC3iQVPnv52rL+Q4U="
    }
  },
  "dependencies": {
    "observe": {
      "version": "1.4.1",
      "resolved": "https://registry.npmjs.org/observe/-/observe-1.4.1.tgz",
      "integrity": "sha1-mDm5xQdvWlHntkYZfUdwrSBm5v4=",
      "requires": {
        "proto": "*"
      }
    },
    "proto": {
      "version": "1.0.19",
      "resolved": "https://registry.npmjs.org/proto/-/proto-1.0.19.tgz",
      "integrity": "sha1-TbolCzQ5iuJC3iQVPnv52rL+Q4U="
    }
  }
}
